
Microsoft Visual Studio Solution File, Format Version 12.00
Project("{FAE04EC0-301F-11D3-BF4B-00C04F79EFBC}") = "aoc_2025", "aoc_2025\aoc_2025.csproj", "{2921F154-D452-4B0A-B554-69332536B58C}"
EndProject
Global
	GlobalSection(SolutionConfigurationPlatforms) = preSolution
		Debug|Any CPU = Debug|Any CPU
		Release|Any CPU = Release|Any CPU
	EndGlobalSection
	GlobalSection(ProjectConfigurationPlatforms) = postSolution
		{2921F154-D452-4B0A-B554-69332536B58C}.Debug|Any CPU.ActiveCfg = Debug|Any CPU
		{2921F154-D452-4B0A-B554-69332536B58C}.Debug|Any CPU.Build.0 = Debug|Any CPU
		{2921F154-D452-4B0A-B554-69332536B58C}.Release|Any CPU.ActiveCfg = Release|Any CPU
		{2921F154-D452-4B0A-B554-69332536B58C}.Release|Any CPU.Build.0 = Release|Any CPU
	EndGlobalSection
EndGlobal
